
Microsoft Visual Studio Solution File, Format Version 12.00
# Visual Studio 15
VisualStudioVersion = 15.0.28307.902
MinimumVisualStudioVersion = 10.0.40219.1
Project("{FAE04EC0-301F-11D3-BF4B-00C04F79EFBC}") = "ProjektUbezpieczenia", "ProjektUbezpieczenia\ProjektUbezpieczenia.csproj", "{1A8B5FB3-7528-4CEC-85D3-641441050C46}"
EndProject
Project("{FAE04EC0-301F-11D3-BF4B-00C04F79EFBC}") = "GUI", "GUI\GUI.csproj", "{428351FF-78BC-4434-B843-4FD2D5F13F0C}"
EndProject
Global
	GlobalSection(SolutionConfigurationPlatforms) = preSolution
		Debug|Any CPU = Debug|Any CPU
		Release|Any CPU = Release|Any CPU
	EndGlobalSection
	GlobalSection(ProjectConfigurationPlatforms) = postSolution
		{1A8B5FB3-7528-4CEC-85D3-641441050C46}.Debug|Any CPU.ActiveCfg = Debug|Any CPU
		{1A8B5FB3-7528-4CEC-85D3-641441050C46}.Debug|Any CPU.Build.0 = Debug|Any CPU
		{1A8B5FB3-7528-4CEC-85D3-641441050C46}.Release|Any CPU.ActiveCfg = Release|Any CPU
		{1A8B5FB3-7528-4CEC-85D3-641441050C46}.Release|Any CPU.Build.0 = Release|Any CPU
		{428351FF-78BC-4434-B843-4FD2D5F13F0C}.Debug|Any CPU.ActiveCfg = Debug|Any CPU
		{428351FF-78BC-4434-B843-4FD2D5F13F0C}.Debug|Any CPU.Build.0 = Debug|Any CPU
		{428351FF-78BC-4434-B843-4FD2D5F13F0C}.Release|Any CPU.ActiveCfg = Release|Any CPU
		{428351FF-78BC-4434-B843-4FD2D5F13F0C}.Release|Any CPU.Build.0 = Release|Any CPU
	EndGlobalSection
	GlobalSection(SolutionProperties) = preSolution
		HideSolutionNode = FALSE
	EndGlobalSection
	GlobalSection(ExtensibilityGlobals) = postSolution
		SolutionGuid = {C2ED4665-573B-4B37-9E7F-F5E10FC2A52C}
	EndGlobalSection
EndGlobal
